
Microsoft Visual Studio Solution File, Format Version 12.00
# Visual Studio Version 17
VisualStudioVersion = 17.13.35825.156
MinimumVisualStudioVersion = 10.0.40219.1
Project("{2150E333-8FDC-42A3-9474-1A3956D46DE8}") = "1-Presentation", "1-Presentation", "{02EA681E-C7D8-13C7-8484-4AC65E1B71E8}"
EndProject
Project("{2150E333-8FDC-42A3-9474-1A3956D46DE8}") = "2-Domain", "2-Domain", "{0BF331E0-C1E8-40B3-AAA2-B444147A6E39}"
EndProject
Project("{2150E333-8FDC-42A3-9474-1A3956D46DE8}") = "3-Data", "3-Data", "{687CD622-B408-4445-A266-7C619CB4C683}"
EndProject
Project("{FAE04EC0-301F-11D3-BF4B-00C04F79EFBC}") = "Rubriki.Domain.Tests", "Rubriki.Domain.Tests\Rubriki.Domain.Tests.csproj", "{61E1442D-4065-4B72-8749-A544D924B3BF}"
EndProject
Global
	GlobalSection(SolutionConfigurationPlatforms) = preSolution
		Debug|Any CPU = Debug|Any CPU
		Release|Any CPU = Release|Any CPU
	EndGlobalSection
	GlobalSection(ProjectConfigurationPlatforms) = postSolution
		{61E1442D-4065-4B72-8749-A544D924B3BF}.Debug|Any CPU.ActiveCfg = Debug|Any CPU
		{61E1442D-4065-4B72-8749-A544D924B3BF}.Debug|Any CPU.Build.0 = Debug|Any CPU
		{61E1442D-4065-4B72-8749-A544D924B3BF}.Release|Any CPU.ActiveCfg = Release|Any CPU
		{61E1442D-4065-4B72-8749-A544D924B3BF}.Release|Any CPU.Build.0 = Release|Any CPU
	EndGlobalSection
	GlobalSection(SolutionProperties) = preSolution
		HideSolutionNode = FALSE
	EndGlobalSection
	GlobalSection(NestedProjects) = preSolution
		{61E1442D-4065-4B72-8749-A544D924B3BF} = {0BF331E0-C1E8-40B3-AAA2-B444147A6E39}
	EndGlobalSection
	GlobalSection(ExtensibilityGlobals) = postSolution
		SolutionGuid = {2E8A8EE7-6317-4917-AB8F-2D7BE8CD452B}
	EndGlobalSection
EndGlobal
