
Microsoft Visual Studio Solution File, Format Version 12.00
# Visual Studio Version 17
VisualStudioVersion = 17.13.35825.156
MinimumVisualStudioVersion = 10.0.40219.1
Project("{FAE04EC0-301F-11D3-BF4B-00C04F79EFBC}") = "Rubriki.Website", "Rubriki.Website\Rubriki.Website.csproj", "{4A2BB3E6-1AA3-4960-BC9A-9A9BFBBD565E}"
EndProject
Project("{2150E333-8FDC-42A3-9474-1A3956D46DE8}") = "1-Presentation", "1-Presentation", "{02EA681E-C7D8-13C7-8484-4AC65E1B71E8}"
EndProject
Project("{2150E333-8FDC-42A3-9474-1A3956D46DE8}") = "2-Domain", "2-Domain", "{0BF331E0-C1E8-40B3-AAA2-B444147A6E39}"
EndProject
Project("{2150E333-8FDC-42A3-9474-1A3956D46DE8}") = "3-Data", "3-Data", "{687CD622-B408-4445-A266-7C619CB4C683}"
EndProject
Project("{FAE04EC0-301F-11D3-BF4B-00C04F79EFBC}") = "Rubriki.Repository", "Rubriki.Repository\Rubriki.Repository.csproj", "{4B2D89C6-5158-4BAB-83DA-48AC47DEE3EA}"
EndProject
Project("{FAE04EC0-301F-11D3-BF4B-00C04F79EFBC}") = "Rubriki.Cqrs", "Rubriki.Cqrs\Rubriki.Cqrs.csproj", "{F5B95CA8-1F60-4156-A52F-8E028293BE51}"
EndProject
Project("{FAE04EC0-301F-11D3-BF4B-00C04F79EFBC}") = "Rubriki.Dto", "Rubriki.Dto\Rubriki.Dto.csproj", "{E2A0208B-90CB-466D-8F7A-C6946A6E5F6E}"
EndProject
Project("{FAE04EC0-301F-11D3-BF4B-00C04F79EFBC}") = "Rubriki.Domain.Tests", "Rubriki.Domain.Tests\Rubriki.Domain.Tests.csproj", "{61E1442D-4065-4B72-8749-A544D924B3BF}"
EndProject
Project("{FAE04EC0-301F-11D3-BF4B-00C04F79EFBC}") = "Rubriki.UseCases", "Rubriki.UseCases\Rubriki.UseCases.csproj", "{E17A2C15-39C7-4089-98F4-4FDAD8FA7F8A}"
EndProject
Project("{FAE04EC0-301F-11D3-BF4B-00C04F79EFBC}") = "Rubriki.SharedComponents", "Rubriki.SharedComponents\Rubriki.SharedComponents.csproj", "{9B7D9217-75F1-4762-BC2C-B1C6417D7A4F}"
EndProject
Project("{FAE04EC0-301F-11D3-BF4B-00C04F79EFBC}") = "Rubriki.App", "Rubriki.App\Rubriki.App.csproj", "{0276EBA0-D977-4C84-9C33-508A052F770D}"
EndProject
Project("{FAE04EC0-301F-11D3-BF4B-00C04F79EFBC}") = "Rubriki.Authentication", "Rubriki.Authentication\Rubriki.Authentication.csproj", "{89B316AF-D8A7-4682-BF85-349FD7B9BCBF}"
EndProject
Project("{FAE04EC0-301F-11D3-BF4B-00C04F79EFBC}") = "Rubriki.Api", "Rubriki.Api\Rubriki.Api.csproj", "{7FBF1267-DFAA-43AB-8D1E-35CC7BD5776D}"
EndProject
Project("{FAE04EC0-301F-11D3-BF4B-00C04F79EFBC}") = "Rubriki.Interfaces", "Rubriki.Interfaces\Rubriki.Interfaces.csproj", "{62050FD2-C054-418A-B36F-32A236FCB61F}"
EndProject
Global
	GlobalSection(SolutionConfigurationPlatforms) = preSolution
		Debug|Any CPU = Debug|Any CPU
		Release|Any CPU = Release|Any CPU
	EndGlobalSection
	GlobalSection(ProjectConfigurationPlatforms) = postSolution
		{4A2BB3E6-1AA3-4960-BC9A-9A9BFBBD565E}.Debug|Any CPU.ActiveCfg = Debug|Any CPU
		{4A2BB3E6-1AA3-4960-BC9A-9A9BFBBD565E}.Debug|Any CPU.Build.0 = Debug|Any CPU
		{4A2BB3E6-1AA3-4960-BC9A-9A9BFBBD565E}.Release|Any CPU.ActiveCfg = Release|Any CPU
		{4A2BB3E6-1AA3-4960-BC9A-9A9BFBBD565E}.Release|Any CPU.Build.0 = Release|Any CPU
		{4B2D89C6-5158-4BAB-83DA-48AC47DEE3EA}.Debug|Any CPU.ActiveCfg = Debug|Any CPU
		{4B2D89C6-5158-4BAB-83DA-48AC47DEE3EA}.Debug|Any CPU.Build.0 = Debug|Any CPU
		{4B2D89C6-5158-4BAB-83DA-48AC47DEE3EA}.Release|Any CPU.ActiveCfg = Release|Any CPU
		{4B2D89C6-5158-4BAB-83DA-48AC47DEE3EA}.Release|Any CPU.Build.0 = Release|Any CPU
		{F5B95CA8-1F60-4156-A52F-8E028293BE51}.Debug|Any CPU.ActiveCfg = Debug|Any CPU
		{F5B95CA8-1F60-4156-A52F-8E028293BE51}.Debug|Any CPU.Build.0 = Debug|Any CPU
		{F5B95CA8-1F60-4156-A52F-8E028293BE51}.Release|Any CPU.ActiveCfg = Release|Any CPU
		{F5B95CA8-1F60-4156-A52F-8E028293BE51}.Release|Any CPU.Build.0 = Release|Any CPU
		{E2A0208B-90CB-466D-8F7A-C6946A6E5F6E}.Debug|Any CPU.ActiveCfg = Debug|Any CPU
		{E2A0208B-90CB-466D-8F7A-C6946A6E5F6E}.Debug|Any CPU.Build.0 = Debug|Any CPU
		{E2A0208B-90CB-466D-8F7A-C6946A6E5F6E}.Release|Any CPU.ActiveCfg = Release|Any CPU
		{E2A0208B-90CB-466D-8F7A-C6946A6E5F6E}.Release|Any CPU.Build.0 = Release|Any CPU
		{61E1442D-4065-4B72-8749-A544D924B3BF}.Debug|Any CPU.ActiveCfg = Debug|Any CPU
		{61E1442D-4065-4B72-8749-A544D924B3BF}.Debug|Any CPU.Build.0 = Debug|Any CPU
		{61E1442D-4065-4B72-8749-A544D924B3BF}.Release|Any CPU.ActiveCfg = Release|Any CPU
		{61E1442D-4065-4B72-8749-A544D924B3BF}.Release|Any CPU.Build.0 = Release|Any CPU
		{E17A2C15-39C7-4089-98F4-4FDAD8FA7F8A}.Debug|Any CPU.ActiveCfg = Debug|Any CPU
		{E17A2C15-39C7-4089-98F4-4FDAD8FA7F8A}.Debug|Any CPU.Build.0 = Debug|Any CPU
		{E17A2C15-39C7-4089-98F4-4FDAD8FA7F8A}.Release|Any CPU.ActiveCfg = Release|Any CPU
		{E17A2C15-39C7-4089-98F4-4FDAD8FA7F8A}.Release|Any CPU.Build.0 = Release|Any CPU
		{9B7D9217-75F1-4762-BC2C-B1C6417D7A4F}.Debug|Any CPU.ActiveCfg = Debug|Any CPU
		{9B7D9217-75F1-4762-BC2C-B1C6417D7A4F}.Debug|Any CPU.Build.0 = Debug|Any CPU
		{9B7D9217-75F1-4762-BC2C-B1C6417D7A4F}.Release|Any CPU.ActiveCfg = Release|Any CPU
		{9B7D9217-75F1-4762-BC2C-B1C6417D7A4F}.Release|Any CPU.Build.0 = Release|Any CPU
		{0276EBA0-D977-4C84-9C33-508A052F770D}.Debug|Any CPU.ActiveCfg = Debug|Any CPU
		{0276EBA0-D977-4C84-9C33-508A052F770D}.Debug|Any CPU.Build.0 = Debug|Any CPU
		{0276EBA0-D977-4C84-9C33-508A052F770D}.Debug|Any CPU.Deploy.0 = Debug|Any CPU
		{0276EBA0-D977-4C84-9C33-508A052F770D}.Release|Any CPU.ActiveCfg = Release|Any CPU
		{0276EBA0-D977-4C84-9C33-508A052F770D}.Release|Any CPU.Build.0 = Release|Any CPU
		{89B316AF-D8A7-4682-BF85-349FD7B9BCBF}.Debug|Any CPU.ActiveCfg = Debug|Any CPU
		{89B316AF-D8A7-4682-BF85-349FD7B9BCBF}.Debug|Any CPU.Build.0 = Debug|Any CPU
		{89B316AF-D8A7-4682-BF85-349FD7B9BCBF}.Release|Any CPU.ActiveCfg = Release|Any CPU
		{89B316AF-D8A7-4682-BF85-349FD7B9BCBF}.Release|Any CPU.Build.0 = Release|Any CPU
		{7FBF1267-DFAA-43AB-8D1E-35CC7BD5776D}.Debug|Any CPU.ActiveCfg = Debug|Any CPU
		{7FBF1267-DFAA-43AB-8D1E-35CC7BD5776D}.Debug|Any CPU.Build.0 = Debug|Any CPU
		{7FBF1267-DFAA-43AB-8D1E-35CC7BD5776D}.Release|Any CPU.ActiveCfg = Release|Any CPU
		{7FBF1267-DFAA-43AB-8D1E-35CC7BD5776D}.Release|Any CPU.Build.0 = Release|Any CPU
		{62050FD2-C054-418A-B36F-32A236FCB61F}.Debug|Any CPU.ActiveCfg = Debug|Any CPU
		{62050FD2-C054-418A-B36F-32A236FCB61F}.Debug|Any CPU.Build.0 = Debug|Any CPU
		{62050FD2-C054-418A-B36F-32A236FCB61F}.Release|Any CPU.ActiveCfg = Release|Any CPU
		{62050FD2-C054-418A-B36F-32A236FCB61F}.Release|Any CPU.Build.0 = Release|Any CPU
	EndGlobalSection
	GlobalSection(SolutionProperties) = preSolution
		HideSolutionNode = FALSE
	EndGlobalSection
	GlobalSection(NestedProjects) = preSolution
		{4A2BB3E6-1AA3-4960-BC9A-9A9BFBBD565E} = {02EA681E-C7D8-13C7-8484-4AC65E1B71E8}
		{4B2D89C6-5158-4BAB-83DA-48AC47DEE3EA} = {687CD622-B408-4445-A266-7C619CB4C683}
		{F5B95CA8-1F60-4156-A52F-8E028293BE51} = {0BF331E0-C1E8-40B3-AAA2-B444147A6E39}
		{E2A0208B-90CB-466D-8F7A-C6946A6E5F6E} = {0BF331E0-C1E8-40B3-AAA2-B444147A6E39}
		{61E1442D-4065-4B72-8749-A544D924B3BF} = {0BF331E0-C1E8-40B3-AAA2-B444147A6E39}
		{E17A2C15-39C7-4089-98F4-4FDAD8FA7F8A} = {0BF331E0-C1E8-40B3-AAA2-B444147A6E39}
		{9B7D9217-75F1-4762-BC2C-B1C6417D7A4F} = {02EA681E-C7D8-13C7-8484-4AC65E1B71E8}
		{0276EBA0-D977-4C84-9C33-508A052F770D} = {02EA681E-C7D8-13C7-8484-4AC65E1B71E8}
		{89B316AF-D8A7-4682-BF85-349FD7B9BCBF} = {02EA681E-C7D8-13C7-8484-4AC65E1B71E8}
		{7FBF1267-DFAA-43AB-8D1E-35CC7BD5776D} = {02EA681E-C7D8-13C7-8484-4AC65E1B71E8}
		{62050FD2-C054-418A-B36F-32A236FCB61F} = {0BF331E0-C1E8-40B3-AAA2-B444147A6E39}
	EndGlobalSection
	GlobalSection(ExtensibilityGlobals) = postSolution
		SolutionGuid = {2E8A8EE7-6317-4917-AB8F-2D7BE8CD452B}
	EndGlobalSection
EndGlobal
